// !$*UTF8*$!
{
	archiveVersion = 1;
	classes = {
	};
	objectVersion = 46;
	objects = {

/* Begin PBXBuildFile section */
		CDF0B4561D91CFA4008E0BA2 /* AppDelegate.swift in Sources */ = {isa = PBXBuildFile; fileRef = CDF0B4551D91CFA4008E0BA2 /* AppDelegate.swift */; };
		CDF0B4581D91CFA4008E0BA2 /* ViewController.swift in Sources */ = {isa = PBXBuildFile; fileRef = CDF0B4571D91CFA4008E0BA2 /* ViewController.swift */; };
		CDF0B45B1D91CFA4008E0BA2 /* Main.storyboard in Resources */ = {isa = PBXBuildFile; fileRef = CDF0B4591D91CFA4008E0BA2 /* Main.storyboard */; };
		CDF0B45D1D91CFA4008E0BA2 /* Assets.xcassets in Resources */ = {isa = PBXBuildFile; fileRef = CDF0B45C1D91CFA4008E0BA2 /* Assets.xcassets */; };
		CDF0B4601D91CFA4008E0BA2 /* LaunchScreen.storyboard in Resources */ = {isa = PBXBuildFile; fileRef = CDF0B45E1D91CFA4008E0BA2 /* LaunchScreen.storyboard */; };
/* End PBXBuildFile section */

/* Begin PBXFileReference section */
		CDF0B4521D91CFA4008E0BA2 /* scrollView.app */ = {isa = PBXFileReference; explicitFileType = wrapper.application; includeInIndex = 0; path = scrollView.app; sourceTree = BUILT_PRODUCTS_DIR; };
		CDF0B4551D91CFA4008E0BA2 /* AppDelegate.swift */ = {isa = PBXFileReference; lastKnownFileType = sourcecode.swift; path = AppDelegate.swift; sourceTree = "<group>"; };
		CDF0B4571D91CFA4008E0BA2 /* ViewController.swift */ = {isa = PBXFileReference; lastKnownFileType = sourcecode.swift; path = ViewController.swift; sourceTree = "<group>"; };
		CDF0B45A1D91CFA4008E0BA2 /* Base */ = {isa = PBXFileReference; lastKnownFileType = file.storyboard; name = Base; path = Base.lproj/Main.storyboard; sourceTree = "<group>"; };
		CDF0B45C1D91CFA4008E0BA2 /* Assets.xcassets */ = {isa = PBXFileReference; lastKnownFileType = folder.assetcatalog; path = Assets.xcassets; sourceTree = "<group>"; };
		CDF0B45F1D91CFA4008E0BA2 /* Base */ = {isa = PBXFileReference; lastKnownFileType = file.storyboard; name = Base; path = Base.lproj/LaunchScreen.storyboard; sourceTree = "<group>"; };
		CDF0B4611D91CFA4008E0BA2 /* Info.plist */ = {isa = PBXFileReference; lastKnownFileType = text.plist.xml; path = Info.plist; sourceTree = "<group>"; };
/* End PBXFileReference section */

/* Begin PBXFrameworksBuildPhase section */
		CDF0B44F1D91CFA4008E0BA2 /* Frameworks */ = {
			isa = PBXFrameworksBuildPhase;
			buildActionMask = 2147483647;
			files = (
			);
			runOnlyForDeploymentPostprocessing = 0;
		};
/* End PBXFrameworksBuildPhase section */

/* Begin PBXGroup section */
		CDF0B4491D91CFA4008E0BA2 = {
			isa = PBXGroup;
			children = (
				CDF0B4541D91CFA4008E0BA2 /* scrollView */,
				CDF0B4531D91CFA4008E0BA2 /* Products */,
			);
			sourceTree = "<group>";
		};
		CDF0B4531D91CFA4008E0BA2 /* Products */ = {
			isa = PBXGroup;
			children = (
				CDF0B4521D91CFA4008E0BA2 /* scrollView.app */,
			);
			name = Products;
			sourceTree = "<group>";
		};
		CDF0B4541D91CFA4008E0BA2 /* scrollView */ = {
			isa = PBXGroup;
			children = (
				CDF0B4551D91CFA4008E0BA2 /* AppDelegate.swift */,
				CDF0B4571D91CFA4008E0BA2 /* ViewController.swift */,
				CDF0B4591D91CFA4008E0BA2 /* Main.storyboard */,
				CDF0B45C1D91CFA4008E0BA2 /* Assets.xcassets */,
				CDF0B45E1D91CFA4008E0BA2 /* LaunchScreen.storyboard */,
				CDF0B4611D91CFA4008E0BA2 /* Info.plist */,
			);
			path = scrollView;
			sourceTree = "<group>";
		};
/* End PBXGroup section */

/* Begin PBXNativeTarget section */
		CDF0B4511D91CFA4008E0BA2 /* scrollView */ = {
			isa = PBXNativeTarget;
			buildConfigurationList = CDF0B4641D91CFA4008E0BA2 /* Build configuration list for PBXNativeTarget "scrollView" */;
			buildPhases = (
				CDF0B44E1D91CFA4008E0BA2 /* Sources */,
				CDF0B44F1D91CFA4008E0BA2 /* Frameworks */,
				CDF0B4501D91CFA4008E0BA2 /* Resources */,
			);
			buildRules = (
			);
			dependencies = (
			);
			name = scrollView;
			productName = scrollView;
			productReference = CDF0B4521D91CFA4008E0BA2 /* scrollView.app */;
			productType = "com.apple.product-type.application";
		};
/* End PBXNativeTarget section */

/* Begin PBXProject section */
		CDF0B44A1D91CFA4008E0BA2 /* Project object */ = {
			isa = PBXProject;
			attributes = {
				LastSwiftUpdateCheck = 0800;
				LastUpgradeCheck = 0800;
				ORGANIZATIONNAME = "Sam Jones";
				TargetAttributes = {
					CDF0B4511D91CFA4008E0BA2 = {
						CreatedOnToolsVersion = 8.0;
						DevelopmentTeam = C42YWMHWSL;
						ProvisioningStyle = Automatic;
					};
				};
			};
			buildConfigurationList = CDF0B44D1D91CFA4008E0BA2 /* Build configuration list for PBXProject "scrollView" */;
			compatibilityVersion = "Xcode 3.2";
			developmentRegion = English;
			hasScannedForEncodings = 0;
			knownRegions = (
				en,
				Base,
			);
			mainGroup = CDF0B4491D91CFA4008E0BA2;
			productRefGroup = CDF0B4531D91CFA4008E0BA2 /* Products */;
			projectDirPath = "";
			projectRoot = "";
			targets = (
				CDF0B4511D91CFA4008E0BA2 /* scrollView */,
			);
		};
/* End PBXProject section */

/* Begin PBXResourcesBuildPhase section */
		CDF0B4501D91CFA4008E0BA2 /* Resources */ = {
			isa = PBXResourcesBuildPhase;
			buildActionMask = 2147483647;
			files = (
				CDF0B4601D91CFA4008E0BA2 /* LaunchScreen.storyboard in Resources */,
				CDF0B45D1D91CFA4008E0BA2 /* Assets.xcassets in Resources */,
				CDF0B45B1D91CFA4008E0BA2 /* Main.storyboard in Resources */,
			);
			runOnlyForDeploymentPostprocessing = 0;
		};
/* End PBXResourcesBuildPhase section */

/* Begin PBXSourcesBuildPhase section */
		CDF0B44E1D91CFA4008E0BA2 /* Sources */ = {
			isa = PBXSourcesBuildPhase;
			buildActionMask = 2147483647;
			files = (
				CDF0B4581D91CFA4008E0BA2 /* ViewController.swift in Sources */,
				CDF0B4561D91CFA4008E0BA2 /* AppDelegate.swift in Sources */,
			);
			runOnlyForDeploymentPostprocessing = 0;
		};
/* End PBXSourcesBuildPhase section */

/* Begin PBXVariantGroup section */
		CDF0B4591D91CFA4008E0BA2 /* Main.storyboard */ = {
			isa = PBXVariantGroup;
			children = (
				CDF0B45A1D91CFA4008E0BA2 /* Base */,
			);
			name = Main.storyboard;
			sourceTree = "<group>";
		};
		CDF0B45E1D91CFA4008E0BA2 /* LaunchScreen.storyboard */ = {
			isa = PBXVariantGroup;
			children = (
				CDF0B45F1D91CFA4008E0BA2 /* Base */,
			);
			name = LaunchScreen.storyboard;
			sourceTree = "<group>";
		};
/* End PBXVariantGroup section */

/* Begin XCBuildConfiguration section */
		CDF0B4621D91CFA4008E0BA2 /* Debug */ = {
			isa = XCBuildConfiguration;
			buildSettings = {
				ALWAYS_SEARCH_USER_PATHS = NO;
				CLANG_ANALYZER_NONNULL = YES;
				CLANG_CXX_LANGUAGE_STANDARD = "gnu++0x";
				CLANG_CXX_LIBRARY = "libc++";
				CLANG_ENABLE_MODULES = YES;
				CLANG_ENABLE_OBJC_ARC = YES;
				CLANG_WARN_BOOL_CONVERSION = YES;
				CLANG_WARN_CONSTANT_CONVERSION = YES;
				CLANG_WARN_DIRECT_OBJC_ISA_USAGE = YES_ERROR;
				CLANG_WARN_DOCUMENTATION_COMMENTS = YES;
				CLANG_WARN_EMPTY_BODY = YES;
				CLANG_WARN_ENUM_CONVERSION = YES;
				CLANG_WARN_INFINITE_RECURSION = YES;
				CLANG_WARN_INT_CONVERSION = YES;
				CLANG_WARN_OBJC_ROOT_CLASS = YES_ERROR;
				CLANG_WARN_SUSPICIOUS_MOVES = YES;
				CLANG_WARN_UNREACHABLE_CODE = YES;
				CLANG_WARN__DUPLICATE_METHOD_MATCH = YES;
				"CODE_SIGN_IDENTITY[sdk=iphoneos*]" = "iPhone Developer";
				COPY_PHASE_STRIP = NO;
				DEBUG_INFORMATION_FORMAT = dwarf;
				ENABLE_STRICT_OBJC_MSGSEND = YES;
				ENABLE_TESTABILITY = YES;
				GCC_C_LANGUAGE_STANDARD = gnu99;
				GCC_DYNAMIC_NO_PIC = NO;
				GCC_NO_COMMON_BLOCKS = YES;
				GCC_OPTIMIZATION_LEVEL = 0;
				GCC_PREPROCESSOR_DEFINITIONS = (
					"DEBUG=1",
					"$(inherited)",
				);
				GCC_WARN_64_TO_32_BIT_CONVERSION = YES;
				GCC_WARN_ABOUT_RETURN_TYPE = YES_ERROR;
				GCC_WARN_UNDECLARED_SELECTOR = YES;
				GCC_WARN_UNINITIALIZED_AUTOS = YES_AGGRESSIVE;
				GCC_WARN_UNUSED_FUNCTION = YES;
				GCC_WARN_UNUSED_VARIABLE = YES;
				IPHONEOS_DEPLOYMENT_TARGET = 10.0;
				MTL_ENABLE_DEBUG_INFO = YES;
				ONLY_ACTIVE_ARCH = YES;
				SDKROOT = iphoneos;
				SWIFT_ACTIVE_COMPILATION_CONDITIONS = DEBUG;
				SWIFT_OPTIMIZATION_LEVEL = "-Onone";
				TARGETED_DEVICE_FAMILY = "1,2";
			};
			name = Debug;
		};
		CDF0B4631D91CFA4008E0BA2 /* Release */ = {
			isa = XCBuildConfiguration;
			buildSettings = {
				ALWAYS_SEARCH_USER_PATHS = NO;
				CLANG_ANALYZER_NONNULL = YES;
				CLANG_CXX_LANGUAGE_STANDARD = "gnu++0x";
				CLANG_CXX_LIBRARY = "libc++";
				CLANG_ENABLE_MODULES = YES;
				CLANG_ENABLE_OBJC_ARC = YES;
				CLANG_WARN_BOOL_CONVERSION = YES;
				CLANG_WARN_CONSTANT_CONVERSION = YES;
				CLANG_WARN_DIRECT_OBJC_ISA_USAGE = YES_ERROR;
				CLANG_WARN_DOCUMENTATION_COMMENTS = YES;
				CLANG_WARN_EMPTY_BODY = YES;
				CLANG_WARN_ENUM_CONVERSION = YES;
				CLANG_WARN_INFINITE_RECURSION = YES;
				CLANG_WARN_INT_CONVERSION = YES;
				CLANG_WARN_OBJC_ROOT_CLASS = YES_ERROR;
				CLANG_WARN_SUSPICIOUS_MOVES = YES;
				CLANG_WARN_UNREACHABLE_CODE = YES;
				CLANG_WARN__DUPLICATE_METHOD_MATCH = YES;
				"CODE_SIGN_IDENTITY[sdk=iphoneos*]" = "iPhone Developer";
				COPY_PHASE_STRIP = NO;
				DEBUG_INFORMATION_FORMAT = "dwarf-with-dsym";
				ENABLE_NS_ASSERTIONS = NO;
				ENABLE_STRICT_OBJC_MSGSEND = YES;
				GCC_C_LANGUAGE_STANDARD = gnu99;
				GCC_NO_COMMON_BLOCKS = YES;
				GCC_WARN_64_TO_32_BIT_CONVERSION = YES;
				GCC_WARN_ABOUT_RETURN_TYPE = YES_ERROR;
				GCC_WARN_UNDECLARED_SELECTOR = YES;
				GCC_WARN_UNINITIALIZED_AUTOS = YES_AGGRESSIVE;
				GCC_WARN_UNUSED_FUNCTION = YES;
				GCC_WARN_UNUSED_VARIABLE = YES;
				IPHONEOS_DEPLOYMENT_TARGET = 10.0;
				MTL_ENABLE_DEBUG_INFO = NO;
				SDKROOT = iphoneos;
				SWIFT_OPTIMIZATION_LEVEL = "-Owholemodule";
				TARGETED_DEVICE_FAMILY = "1,2";
				VALIDATE_PRODUCT = YES;
			};
			name = Release;
		};
		CDF0B4651D91CFA4008E0BA2 /* Debug */ = {
			isa = XCBuildConfiguration;
			buildSettings = {
				ASSETCATALOG_COMPILER_APPICON_NAME = AppIcon;
				DEVELOPMENT_TEAM = C42YWMHWSL;
				INFOPLIST_FILE = scrollView/Info.plist;
				LD_RUNPATH_SEARCH_PATHS = "$(inherited) @executable_path/Frameworks";
				PRODUCT_BUNDLE_IDENTIFIER = com.test.scrollView;
				PRODUCT_NAME = "$(TARGET_NAME)";
				SWIFT_VERSION = 3.0;
			};
			name = Debug;
		};
		CDF0B4661D91CFA4008E0BA2 /* Release */ = {
			isa = XCBuildConfiguration;
			buildSettings = {
				ASSETCATALOG_COMPILER_APPICON_NAME = AppIcon;
				DEVELOPMENT_TEAM = C42YWMHWSL;
				INFOPLIST_FILE = scrollView/Info.plist;
				LD_RUNPATH_SEARCH_PATHS = "$(inherited) @executable_path/Frameworks";
				PRODUCT_BUNDLE_IDENTIFIER = com.test.scrollView;
				PRODUCT_NAME = "$(TARGET_NAME)";
				SWIFT_VERSION = 3.0;
			};
			name = Release;
		};
/* End XCBuildConfiguration section */

/* Begin XCConfigurationList section */
		CDF0B44D1D91CFA4008E0BA2 /* Build configuration list for PBXProject "scrollView" */ = {
			isa = XCConfigurationList;
			buildConfigurations = (
				CDF0B4621D91CFA4008E0BA2 /* Debug */,
				CDF0B4631D91CFA4008E0BA2 /* Release */,
			);
			defaultConfigurationIsVisible = 0;
			defaultConfigurationName = Release;
		};
		CDF0B4641D91CFA4008E0BA2 /* Build configuration list for PBXNativeTarget "scrollView" */ = {
			isa = XCConfigurationList;
			buildConfigurations = (
				CDF0B4651D91CFA4008E0BA2 /* Debug */,
				CDF0B4661D91CFA4008E0BA2 /* Release */,
			);
			defaultConfigurationIsVisible = 0;
		};
/* End XCConfigurationList section */
	};
	rootObject = CDF0B44A1D91CFA4008E0BA2 /* Project object */;
}
